
Microsoft Visual Studio Solution File, Format Version 12.00
# Visual Studio 15
VisualStudioVersion = 15.0.28307.539
MinimumVisualStudioVersion = 10.0.40219.1
Project("{FAE04EC0-301F-11D3-BF4B-00C04F79EFBC}") = "Practical1", "Practical1\Practical1.csproj", "{2FF219A4-EB5B-4591-A2FB-97CB3CD8780F}"
EndProject
Project("{FAE04EC0-301F-11D3-BF4B-00C04F79EFBC}") = "Practical2", "Practical2\Practical2.csproj", "{96CC7721-9BCA-411F-847A-3765E85A48A1}"
EndProject
Project("{FAE04EC0-301F-11D3-BF4B-00C04F79EFBC}") = "Practical3", "Practical3\Practical3.csproj", "{941D2A1B-81E3-428F-915E-5E54A986BD62}"
EndProject
Project("{FAE04EC0-301F-11D3-BF4B-00C04F79EFBC}") = "Practical4", "Practical4\Practical4.csproj", "{E09870F4-10BF-4D48-B581-F188CF626245}"
EndProject
Project("{FAE04EC0-301F-11D3-BF4B-00C04F79EFBC}") = "Practical5", "Practical5\Practical5.csproj", "{8C95EC7E-4111-46D9-A8F3-EF5D5BAB1C8B}"
EndProject
Project("{FAE04EC0-301F-11D3-BF4B-00C04F79EFBC}") = "Practical6", "Practical6\Practical6.csproj", "{21EED22A-9A0E-4018-96E0-5BEE18A929BC}"
EndProject
Project("{FAE04EC0-301F-11D3-BF4B-00C04F79EFBC}") = "Calculator", "Calculator\Calculator.csproj", "{DA710996-8B6D-409C-ADE0-00AD0E31986C}"
EndProject
Project("{FAE04EC0-301F-11D3-BF4B-00C04F79EFBC}") = "Practical7", "Practical7\Practical7.csproj", "{25E55931-6FB7-4B6C-AE1C-9F7F4A0C9127}"
EndProject
Project("{FAE04EC0-301F-11D3-BF4B-00C04F79EFBC}") = "Practical8", "Practical8\Practical8.csproj", "{4BE8291C-AD8B-4B16-A364-1DD3F910E3AD}"
EndProject
Project("{FAE04EC0-301F-11D3-BF4B-00C04F79EFBC}") = "Practical9", "Practical9\Practical9.csproj", "{3D7E6711-1F27-4761-9D13-755FC8E0D846}"
EndProject
Project("{FAE04EC0-301F-11D3-BF4B-00C04F79EFBC}") = "Debugger", "Debugger\Debugger.csproj", "{AE5FFD1F-49BC-4568-9CCD-442EF1C44C11}"
EndProject
Project("{FAE04EC0-301F-11D3-BF4B-00C04F79EFBC}") = "Day3", "Day3\Day3.csproj", "{CAE8E2A0-23D2-40E1-98EC-7F41802FD6A1}"
EndProject
Project("{FAE04EC0-301F-11D3-BF4B-00C04F79EFBC}") = "demo", "demo\demo.csproj", "{53464B7A-9541-41AC-8C8F-29CBE2A0CB4D}"
EndProject
Global
	GlobalSection(SolutionConfigurationPlatforms) = preSolution
		Debug|Any CPU = Debug|Any CPU
		Release|Any CPU = Release|Any CPU
	EndGlobalSection
	GlobalSection(ProjectConfigurationPlatforms) = postSolution
		{2FF219A4-EB5B-4591-A2FB-97CB3CD8780F}.Debug|Any CPU.ActiveCfg = Debug|Any CPU
		{2FF219A4-EB5B-4591-A2FB-97CB3CD8780F}.Debug|Any CPU.Build.0 = Debug|Any CPU
		{2FF219A4-EB5B-4591-A2FB-97CB3CD8780F}.Release|Any CPU.ActiveCfg = Release|Any CPU
		{2FF219A4-EB5B-4591-A2FB-97CB3CD8780F}.Release|Any CPU.Build.0 = Release|Any CPU
		{96CC7721-9BCA-411F-847A-3765E85A48A1}.Debug|Any CPU.ActiveCfg = Debug|Any CPU
		{96CC7721-9BCA-411F-847A-3765E85A48A1}.Debug|Any CPU.Build.0 = Debug|Any CPU
		{96CC7721-9BCA-411F-847A-3765E85A48A1}.Release|Any CPU.ActiveCfg = Release|Any CPU
		{96CC7721-9BCA-411F-847A-3765E85A48A1}.Release|Any CPU.Build.0 = Release|Any CPU
		{941D2A1B-81E3-428F-915E-5E54A986BD62}.Debug|Any CPU.ActiveCfg = Debug|Any CPU
		{941D2A1B-81E3-428F-915E-5E54A986BD62}.Debug|Any CPU.Build.0 = Debug|Any CPU
		{941D2A1B-81E3-428F-915E-5E54A986BD62}.Release|Any CPU.ActiveCfg = Release|Any CPU
		{941D2A1B-81E3-428F-915E-5E54A986BD62}.Release|Any CPU.Build.0 = Release|Any CPU
		{E09870F4-10BF-4D48-B581-F188CF626245}.Debug|Any CPU.ActiveCfg = Debug|Any CPU
		{E09870F4-10BF-4D48-B581-F188CF626245}.Debug|Any CPU.Build.0 = Debug|Any CPU
		{E09870F4-10BF-4D48-B581-F188CF626245}.Release|Any CPU.ActiveCfg = Release|Any CPU
		{E09870F4-10BF-4D48-B581-F188CF626245}.Release|Any CPU.Build.0 = Release|Any CPU
		{8C95EC7E-4111-46D9-A8F3-EF5D5BAB1C8B}.Debug|Any CPU.ActiveCfg = Debug|Any CPU
		{8C95EC7E-4111-46D9-A8F3-EF5D5BAB1C8B}.Debug|Any CPU.Build.0 = Debug|Any CPU
		{8C95EC7E-4111-46D9-A8F3-EF5D5BAB1C8B}.Release|Any CPU.ActiveCfg = Release|Any CPU
		{8C95EC7E-4111-46D9-A8F3-EF5D5BAB1C8B}.Release|Any CPU.Build.0 = Release|Any CPU
		{21EED22A-9A0E-4018-96E0-5BEE18A929BC}.Debug|Any CPU.ActiveCfg = Debug|Any CPU
		{21EED22A-9A0E-4018-96E0-5BEE18A929BC}.Debug|Any CPU.Build.0 = Debug|Any CPU
		{21EED22A-9A0E-4018-96E0-5BEE18A929BC}.Release|Any CPU.ActiveCfg = Release|Any CPU
		{21EED22A-9A0E-4018-96E0-5BEE18A929BC}.Release|Any CPU.Build.0 = Release|Any CPU
		{DA710996-8B6D-409C-ADE0-00AD0E31986C}.Debug|Any CPU.ActiveCfg = Debug|Any CPU
		{DA710996-8B6D-409C-ADE0-00AD0E31986C}.Debug|Any CPU.Build.0 = Debug|Any CPU
		{DA710996-8B6D-409C-ADE0-00AD0E31986C}.Release|Any CPU.ActiveCfg = Release|Any CPU
		{DA710996-8B6D-409C-ADE0-00AD0E31986C}.Release|Any CPU.Build.0 = Release|Any CPU
		{25E55931-6FB7-4B6C-AE1C-9F7F4A0C9127}.Debug|Any CPU.ActiveCfg = Debug|Any CPU
		{25E55931-6FB7-4B6C-AE1C-9F7F4A0C9127}.Debug|Any CPU.Build.0 = Debug|Any CPU
		{25E55931-6FB7-4B6C-AE1C-9F7F4A0C9127}.Release|Any CPU.ActiveCfg = Release|Any CPU
		{25E55931-6FB7-4B6C-AE1C-9F7F4A0C9127}.Release|Any CPU.Build.0 = Release|Any CPU
		{4BE8291C-AD8B-4B16-A364-1DD3F910E3AD}.Debug|Any CPU.ActiveCfg = Debug|Any CPU
		{4BE8291C-AD8B-4B16-A364-1DD3F910E3AD}.Debug|Any CPU.Build.0 = Debug|Any CPU
		{4BE8291C-AD8B-4B16-A364-1DD3F910E3AD}.Release|Any CPU.ActiveCfg = Release|Any CPU
		{4BE8291C-AD8B-4B16-A364-1DD3F910E3AD}.Release|Any CPU.Build.0 = Release|Any CPU
		{3D7E6711-1F27-4761-9D13-755FC8E0D846}.Debug|Any CPU.ActiveCfg = Debug|Any CPU
		{3D7E6711-1F27-4761-9D13-755FC8E0D846}.Debug|Any CPU.Build.0 = Debug|Any CPU
		{3D7E6711-1F27-4761-9D13-755FC8E0D846}.Release|Any CPU.ActiveCfg = Release|Any CPU
		{3D7E6711-1F27-4761-9D13-755FC8E0D846}.Release|Any CPU.Build.0 = Release|Any CPU
		{AE5FFD1F-49BC-4568-9CCD-442EF1C44C11}.Debug|Any CPU.ActiveCfg = Debug|Any CPU
		{AE5FFD1F-49BC-4568-9CCD-442EF1C44C11}.Debug|Any CPU.Build.0 = Debug|Any CPU
		{AE5FFD1F-49BC-4568-9CCD-442EF1C44C11}.Release|Any CPU.ActiveCfg = Release|Any CPU
		{AE5FFD1F-49BC-4568-9CCD-442EF1C44C11}.Release|Any CPU.Build.0 = Release|Any CPU
		{CAE8E2A0-23D2-40E1-98EC-7F41802FD6A1}.Debug|Any CPU.ActiveCfg = Debug|Any CPU
		{CAE8E2A0-23D2-40E1-98EC-7F41802FD6A1}.Debug|Any CPU.Build.0 = Debug|Any CPU
		{CAE8E2A0-23D2-40E1-98EC-7F41802FD6A1}.Release|Any CPU.ActiveCfg = Release|Any CPU
		{CAE8E2A0-23D2-40E1-98EC-7F41802FD6A1}.Release|Any CPU.Build.0 = Release|Any CPU
		{53464B7A-9541-41AC-8C8F-29CBE2A0CB4D}.Debug|Any CPU.ActiveCfg = Debug|Any CPU
		{53464B7A-9541-41AC-8C8F-29CBE2A0CB4D}.Debug|Any CPU.Build.0 = Debug|Any CPU
		{53464B7A-9541-41AC-8C8F-29CBE2A0CB4D}.Release|Any CPU.ActiveCfg = Release|Any CPU
		{53464B7A-9541-41AC-8C8F-29CBE2A0CB4D}.Release|Any CPU.Build.0 = Release|Any CPU
	EndGlobalSection
	GlobalSection(SolutionProperties) = preSolution
		HideSolutionNode = FALSE
	EndGlobalSection
	GlobalSection(ExtensibilityGlobals) = postSolution
		SolutionGuid = {D9EDDE62-42A0-49AE-B9A0-A5C1E790CF39}
	EndGlobalSection
EndGlobal
