
Microsoft Visual Studio Solution File, Format Version 12.00
# Visual Studio 15
VisualStudioVersion = 15.0.28307.539
MinimumVisualStudioVersion = 10.0.40219.1
Project("{FAE04EC0-301F-11D3-BF4B-00C04F79EFBC}") = "Practical1", "Practical1\Practical1.csproj", "{2FF219A4-EB5B-4591-A2FB-97CB3CD8780F}"
EndProject
Project("{FAE04EC0-301F-11D3-BF4B-00C04F79EFBC}") = "Practical2", "Practical2\Practical2.csproj", "{96CC7721-9BCA-411F-847A-3765E85A48A1}"
EndProject
Project("{FAE04EC0-301F-11D3-BF4B-00C04F79EFBC}") = "Practical3", "Practical3\Practical3.csproj", "{941D2A1B-81E3-428F-915E-5E54A986BD62}"
EndProject
Project("{FAE04EC0-301F-11D3-BF4B-00C04F79EFBC}") = "Practical4", "Practical4\Practical4.csproj", "{E09870F4-10BF-4D48-B581-F188CF626245}"
EndProject
Project("{FAE04EC0-301F-11D3-BF4B-00C04F79EFBC}") = "Practical5", "Practical5\Practical5.csproj", "{8C95EC7E-4111-46D9-A8F3-EF5D5BAB1C8B}"
EndProject
Global
	GlobalSection(SolutionConfigurationPlatforms) = preSolution
		Debug|Any CPU = Debug|Any CPU
		Release|Any CPU = Release|Any CPU
	EndGlobalSection
	GlobalSection(ProjectConfigurationPlatforms) = postSolution
		{2FF219A4-EB5B-4591-A2FB-97CB3CD8780F}.Debug|Any CPU.ActiveCfg = Debug|Any CPU
		{2FF219A4-EB5B-4591-A2FB-97CB3CD8780F}.Debug|Any CPU.Build.0 = Debug|Any CPU
		{2FF219A4-EB5B-4591-A2FB-97CB3CD8780F}.Release|Any CPU.ActiveCfg = Release|Any CPU
		{2FF219A4-EB5B-4591-A2FB-97CB3CD8780F}.Release|Any CPU.Build.0 = Release|Any CPU
		{96CC7721-9BCA-411F-847A-3765E85A48A1}.Debug|Any CPU.ActiveCfg = Debug|Any CPU
		{96CC7721-9BCA-411F-847A-3765E85A48A1}.Debug|Any CPU.Build.0 = Debug|Any CPU
		{96CC7721-9BCA-411F-847A-3765E85A48A1}.Release|Any CPU.ActiveCfg = Release|Any CPU
		{96CC7721-9BCA-411F-847A-3765E85A48A1}.Release|Any CPU.Build.0 = Release|Any CPU
		{941D2A1B-81E3-428F-915E-5E54A986BD62}.Debug|Any CPU.ActiveCfg = Debug|Any CPU
		{941D2A1B-81E3-428F-915E-5E54A986BD62}.Debug|Any CPU.Build.0 = Debug|Any CPU
		{941D2A1B-81E3-428F-915E-5E54A986BD62}.Release|Any CPU.ActiveCfg = Release|Any CPU
		{941D2A1B-81E3-428F-915E-5E54A986BD62}.Release|Any CPU.Build.0 = Release|Any CPU
		{E09870F4-10BF-4D48-B581-F188CF626245}.Debug|Any CPU.ActiveCfg = Debug|Any CPU
		{E09870F4-10BF-4D48-B581-F188CF626245}.Debug|Any CPU.Build.0 = Debug|Any CPU
		{E09870F4-10BF-4D48-B581-F188CF626245}.Release|Any CPU.ActiveCfg = Release|Any CPU
		{E09870F4-10BF-4D48-B581-F188CF626245}.Release|Any CPU.Build.0 = Release|Any CPU
		{8C95EC7E-4111-46D9-A8F3-EF5D5BAB1C8B}.Debug|Any CPU.ActiveCfg = Debug|Any CPU
		{8C95EC7E-4111-46D9-A8F3-EF5D5BAB1C8B}.Debug|Any CPU.Build.0 = Debug|Any CPU
		{8C95EC7E-4111-46D9-A8F3-EF5D5BAB1C8B}.Release|Any CPU.ActiveCfg = Release|Any CPU
		{8C95EC7E-4111-46D9-A8F3-EF5D5BAB1C8B}.Release|Any CPU.Build.0 = Release|Any CPU
	EndGlobalSection
	GlobalSection(SolutionProperties) = preSolution
		HideSolutionNode = FALSE
	EndGlobalSection
	GlobalSection(ExtensibilityGlobals) = postSolution
		SolutionGuid = {D9EDDE62-42A0-49AE-B9A0-A5C1E790CF39}
	EndGlobalSection
EndGlobal
